
Microsoft Visual Studio Solution File, Format Version 12.00
# Visual Studio 15
VisualStudioVersion = 15.0.28307.1022
MinimumVisualStudioVersion = 10.0.40219.1
Project("{FAE04EC0-301F-11D3-BF4B-00C04F79EFBC}") = "lab8", "lab8\lab8.csproj", "{E2F8345F-4E35-4DC6-B0DC-833DD5B8E4B0}"
EndProject
Project("{FAE04EC0-301F-11D3-BF4B-00C04F79EFBC}") = "ex2", "ex2\ex2.csproj", "{DD29A1FB-2925-4403-898F-0A2934F6AD90}"
EndProject
Project("{FAE04EC0-301F-11D3-BF4B-00C04F79EFBC}") = "z1", "z1\z1.csproj", "{9FFF8A0D-CADB-42F7-8975-94C05785B715}"
EndProject
Project("{FAE04EC0-301F-11D3-BF4B-00C04F79EFBC}") = "ex3", "ex3\ex3.csproj", "{8F59425F-C1E6-4722-9E47-F1F5CB0D0DD4}"
EndProject
Project("{FAE04EC0-301F-11D3-BF4B-00C04F79EFBC}") = "z4", "z4\z4.csproj", "{7584C1CA-4565-41EE-9231-2B356641B27B}"
EndProject
Project("{FAE04EC0-301F-11D3-BF4B-00C04F79EFBC}") = "z2", "z2\z2.csproj", "{F7BD9F51-CF9D-4D4A-A68F-8E14C5F98256}"
EndProject
Project("{FAE04EC0-301F-11D3-BF4B-00C04F79EFBC}") = "z3", "z3\z3.csproj", "{03BD28A5-0C00-4AF9-ACDE-6BFE072275F3}"
EndProject
Project("{FAE04EC0-301F-11D3-BF4B-00C04F79EFBC}") = "z5", "z5\z5.csproj", "{2FF295F9-8FA0-43BB-B37D-E3BF31FAC072}"
EndProject
Global
	GlobalSection(SolutionConfigurationPlatforms) = preSolution
		Debug|Any CPU = Debug|Any CPU
		Release|Any CPU = Release|Any CPU
	EndGlobalSection
	GlobalSection(ProjectConfigurationPlatforms) = postSolution
		{E2F8345F-4E35-4DC6-B0DC-833DD5B8E4B0}.Debug|Any CPU.ActiveCfg = Debug|Any CPU
		{E2F8345F-4E35-4DC6-B0DC-833DD5B8E4B0}.Debug|Any CPU.Build.0 = Debug|Any CPU
		{E2F8345F-4E35-4DC6-B0DC-833DD5B8E4B0}.Release|Any CPU.ActiveCfg = Release|Any CPU
		{E2F8345F-4E35-4DC6-B0DC-833DD5B8E4B0}.Release|Any CPU.Build.0 = Release|Any CPU
		{DD29A1FB-2925-4403-898F-0A2934F6AD90}.Debug|Any CPU.ActiveCfg = Debug|Any CPU
		{DD29A1FB-2925-4403-898F-0A2934F6AD90}.Debug|Any CPU.Build.0 = Debug|Any CPU
		{DD29A1FB-2925-4403-898F-0A2934F6AD90}.Release|Any CPU.ActiveCfg = Release|Any CPU
		{DD29A1FB-2925-4403-898F-0A2934F6AD90}.Release|Any CPU.Build.0 = Release|Any CPU
		{9FFF8A0D-CADB-42F7-8975-94C05785B715}.Debug|Any CPU.ActiveCfg = Debug|Any CPU
		{9FFF8A0D-CADB-42F7-8975-94C05785B715}.Debug|Any CPU.Build.0 = Debug|Any CPU
		{9FFF8A0D-CADB-42F7-8975-94C05785B715}.Release|Any CPU.ActiveCfg = Release|Any CPU
		{9FFF8A0D-CADB-42F7-8975-94C05785B715}.Release|Any CPU.Build.0 = Release|Any CPU
		{8F59425F-C1E6-4722-9E47-F1F5CB0D0DD4}.Debug|Any CPU.ActiveCfg = Debug|Any CPU
		{8F59425F-C1E6-4722-9E47-F1F5CB0D0DD4}.Debug|Any CPU.Build.0 = Debug|Any CPU
		{8F59425F-C1E6-4722-9E47-F1F5CB0D0DD4}.Release|Any CPU.ActiveCfg = Release|Any CPU
		{8F59425F-C1E6-4722-9E47-F1F5CB0D0DD4}.Release|Any CPU.Build.0 = Release|Any CPU
		{7584C1CA-4565-41EE-9231-2B356641B27B}.Debug|Any CPU.ActiveCfg = Debug|Any CPU
		{7584C1CA-4565-41EE-9231-2B356641B27B}.Debug|Any CPU.Build.0 = Debug|Any CPU
		{7584C1CA-4565-41EE-9231-2B356641B27B}.Release|Any CPU.ActiveCfg = Release|Any CPU
		{7584C1CA-4565-41EE-9231-2B356641B27B}.Release|Any CPU.Build.0 = Release|Any CPU
		{F7BD9F51-CF9D-4D4A-A68F-8E14C5F98256}.Debug|Any CPU.ActiveCfg = Debug|Any CPU
		{F7BD9F51-CF9D-4D4A-A68F-8E14C5F98256}.Debug|Any CPU.Build.0 = Debug|Any CPU
		{F7BD9F51-CF9D-4D4A-A68F-8E14C5F98256}.Release|Any CPU.ActiveCfg = Release|Any CPU
		{F7BD9F51-CF9D-4D4A-A68F-8E14C5F98256}.Release|Any CPU.Build.0 = Release|Any CPU
		{03BD28A5-0C00-4AF9-ACDE-6BFE072275F3}.Debug|Any CPU.ActiveCfg = Debug|Any CPU
		{03BD28A5-0C00-4AF9-ACDE-6BFE072275F3}.Debug|Any CPU.Build.0 = Debug|Any CPU
		{03BD28A5-0C00-4AF9-ACDE-6BFE072275F3}.Release|Any CPU.ActiveCfg = Release|Any CPU
		{03BD28A5-0C00-4AF9-ACDE-6BFE072275F3}.Release|Any CPU.Build.0 = Release|Any CPU
		{2FF295F9-8FA0-43BB-B37D-E3BF31FAC072}.Debug|Any CPU.ActiveCfg = Debug|Any CPU
		{2FF295F9-8FA0-43BB-B37D-E3BF31FAC072}.Debug|Any CPU.Build.0 = Debug|Any CPU
		{2FF295F9-8FA0-43BB-B37D-E3BF31FAC072}.Release|Any CPU.ActiveCfg = Release|Any CPU
		{2FF295F9-8FA0-43BB-B37D-E3BF31FAC072}.Release|Any CPU.Build.0 = Release|Any CPU
	EndGlobalSection
	GlobalSection(SolutionProperties) = preSolution
		HideSolutionNode = FALSE
	EndGlobalSection
	GlobalSection(ExtensibilityGlobals) = postSolution
		SolutionGuid = {64F5727B-B76A-4473-8255-5A8C86D430FA}
	EndGlobalSection
EndGlobal
